
Microsoft Visual Studio Solution File, Format Version 12.00
# Visual Studio 2013
VisualStudioVersion = 12.0.30501.0
MinimumVisualStudioVersion = 10.0.40219.1
Project("{F088123C-0E9E-452A-89E6-6BA2F21D5CAC}") = "Feinentwurf", "Feinentwurf.modelproj", "{867C4C1A-6C58-4EB8-9FED-3D3F0F3FAF12}"
EndProject
Project("{FAE04EC0-301F-11D3-BF4B-00C04F79EFBC}") = "NSA4Dummies", "..\Softwareprojekt2015\NSA4Dummies.csproj", "{D1708DE0-864C-4DD6-BD8B-EBC522B41BE7}"
EndProject
Global
	GlobalSection(SolutionConfigurationPlatforms) = preSolution
		Debug|Any CPU = Debug|Any CPU
		Release|Any CPU = Release|Any CPU
	EndGlobalSection
	GlobalSection(ProjectConfigurationPlatforms) = postSolution
		{867C4C1A-6C58-4EB8-9FED-3D3F0F3FAF12}.Debug|Any CPU.ActiveCfg = Debug|Any CPU
		{867C4C1A-6C58-4EB8-9FED-3D3F0F3FAF12}.Debug|Any CPU.Build.0 = Debug|Any CPU
		{867C4C1A-6C58-4EB8-9FED-3D3F0F3FAF12}.Release|Any CPU.ActiveCfg = Release|Any CPU
		{867C4C1A-6C58-4EB8-9FED-3D3F0F3FAF12}.Release|Any CPU.Build.0 = Release|Any CPU
		{D1708DE0-864C-4DD6-BD8B-EBC522B41BE7}.Debug|Any CPU.ActiveCfg = Debug|Any CPU
		{D1708DE0-864C-4DD6-BD8B-EBC522B41BE7}.Debug|Any CPU.Build.0 = Debug|Any CPU
		{D1708DE0-864C-4DD6-BD8B-EBC522B41BE7}.Release|Any CPU.ActiveCfg = Release|Any CPU
		{D1708DE0-864C-4DD6-BD8B-EBC522B41BE7}.Release|Any CPU.Build.0 = Release|Any CPU
	EndGlobalSection
	GlobalSection(SolutionProperties) = preSolution
		HideSolutionNode = FALSE
	EndGlobalSection
EndGlobal
